{
  "version": "5",
  "specifiers": {
    "npm:handcraft@next": "0.17.0-beta.7"
  },
  "npm": {
    "handcraft@0.17.0-beta.7": {
      "integrity": "sha512-73ma28tMdqBI3E80/JAx2rfX4yd0Izwd+TBcsz6nIQv1o1PDI9n5I0LNBD5r5xpjmC28xMXoR7ZHQAUUQFHFuA=="
    }
  },
  "workspace": {
    "dependencies": [
      "npm:handcraft@next"
    ]
  }
}
