{
  "version": "5",
  "specifiers": {
    "npm:handcraft@next": "0.17.0-beta.12"
  },
  "npm": {
    "handcraft@0.17.0-beta.12": {
      "integrity": "sha512-/HA2Snf6BZnyJ/yvhaOmlJGrBUVrLp5xatnT85U6E7TRffDwFfFokQXvRNH3RSN5O491iUwD4XfEtX+6Bd+sgg=="
    }
  },
  "workspace": {
    "dependencies": [
      "npm:handcraft@next"
    ]
  }
}
