{
  "version": "5",
  "specifiers": {
    "npm:handcraft@next": "0.17.0-beta.18"
  },
  "npm": {
    "handcraft@0.17.0-beta.18": {
      "integrity": "sha512-6UHJWbLEmCC8gxBkKmj48n7eUKeXSOgIwwdnq9/+BFAeHqRBr1q141MwX11UFcsnYVnCyoeCe/W6zP2X6oXdeQ=="
    }
  },
  "workspace": {
    "dependencies": [
      "npm:handcraft@next"
    ]
  }
}
